
Microsoft Visual Studio Solution File, Format Version 12.00
# Visual Studio 2013
VisualStudioVersion = 12.0.30708.0
MinimumVisualStudioVersion = 10.0.40219.1
Project("{FAE04EC0-301F-11D3-BF4B-00C04F79EFBC}") = "ProcessImage", "ProcessImage\ProcessImage.csproj", "{5761DF70-BF5F-44A8-9AA0-BC67A40E1BFC}"
EndProject
Project("{FAE04EC0-301F-11D3-BF4B-00C04F79EFBC}") = "ProcessImageInCloud", "ProcessImageInCloud\ProcessImageInCloud.csproj", "{F5D021FA-C6A2-4F65-8501-78008F648893}"
EndProject
Global
	GlobalSection(SolutionConfigurationPlatforms) = preSolution
		Debug|Any CPU = Debug|Any CPU
		Release|Any CPU = Release|Any CPU
	EndGlobalSection
	GlobalSection(ProjectConfigurationPlatforms) = postSolution
		{5761DF70-BF5F-44A8-9AA0-BC67A40E1BFC}.Debug|Any CPU.ActiveCfg = Debug|Any CPU
		{5761DF70-BF5F-44A8-9AA0-BC67A40E1BFC}.Debug|Any CPU.Build.0 = Debug|Any CPU
		{5761DF70-BF5F-44A8-9AA0-BC67A40E1BFC}.Release|Any CPU.ActiveCfg = Release|Any CPU
		{5761DF70-BF5F-44A8-9AA0-BC67A40E1BFC}.Release|Any CPU.Build.0 = Release|Any CPU
		{F5D021FA-C6A2-4F65-8501-78008F648893}.Debug|Any CPU.ActiveCfg = Debug|Any CPU
		{F5D021FA-C6A2-4F65-8501-78008F648893}.Debug|Any CPU.Build.0 = Debug|Any CPU
		{F5D021FA-C6A2-4F65-8501-78008F648893}.Release|Any CPU.ActiveCfg = Release|Any CPU
		{F5D021FA-C6A2-4F65-8501-78008F648893}.Release|Any CPU.Build.0 = Release|Any CPU
	EndGlobalSection
	GlobalSection(SolutionProperties) = preSolution
		HideSolutionNode = FALSE
	EndGlobalSection
EndGlobal
